
Microsoft Visual Studio Solution File, Format Version 12.00
# Visual Studio 15
VisualStudioVersion = 15.0.27428.2015
MinimumVisualStudioVersion = 10.0.40219.1
Project("{FAE04EC0-301F-11D3-BF4B-00C04F79EFBC}") = "Umbraco.Client", "Umbraco.Client\Umbraco.Client.csproj", "{168E4C46-249F-49E4-8E48-4DDA9348FE16}"
EndProject
Project("{FAE04EC0-301F-11D3-BF4B-00C04F79EFBC}") = "Umbraco.Client.Tests", "Umbraco.Client.Tests\Umbraco.Client.Tests.csproj", "{65E550D4-8B88-43EA-806F-038435805401}"
EndProject
Global
	GlobalSection(SolutionConfigurationPlatforms) = preSolution
		Debug|Any CPU = Debug|Any CPU
		Release|Any CPU = Release|Any CPU
	EndGlobalSection
	GlobalSection(ProjectConfigurationPlatforms) = postSolution
		{168E4C46-249F-49E4-8E48-4DDA9348FE16}.Debug|Any CPU.ActiveCfg = Debug|Any CPU
		{168E4C46-249F-49E4-8E48-4DDA9348FE16}.Debug|Any CPU.Build.0 = Debug|Any CPU
		{168E4C46-249F-49E4-8E48-4DDA9348FE16}.Release|Any CPU.ActiveCfg = Release|Any CPU
		{168E4C46-249F-49E4-8E48-4DDA9348FE16}.Release|Any CPU.Build.0 = Release|Any CPU
		{65E550D4-8B88-43EA-806F-038435805401}.Debug|Any CPU.ActiveCfg = Debug|Any CPU
		{65E550D4-8B88-43EA-806F-038435805401}.Debug|Any CPU.Build.0 = Debug|Any CPU
		{65E550D4-8B88-43EA-806F-038435805401}.Release|Any CPU.ActiveCfg = Release|Any CPU
		{65E550D4-8B88-43EA-806F-038435805401}.Release|Any CPU.Build.0 = Release|Any CPU
	EndGlobalSection
	GlobalSection(SolutionProperties) = preSolution
		HideSolutionNode = FALSE
	EndGlobalSection
	GlobalSection(ExtensibilityGlobals) = postSolution
		SolutionGuid = {606993C3-B49D-4A26-9E53-F07994D69BBE}
	EndGlobalSection
EndGlobal
